<?xml version="1.0" encoding="utf-8"?>
<Project ToolsVersion="4.0" xmlns="http://schemas.microsoft.com/developer/msbuild/2003">
  <ItemGroup>
    <Filter Include="Source Files">
      <UniqueIdentifier>{4FC737F1-C7A5-4376-A066-2A32D752A2FF}</UniqueIdentifier>
      <Extensions>cpp;c;cc;cxx;def;odl;idl;hpj;bat;asm;asmx</Extensions>
    </Filter>
    <Filter Include="Header Files">
      <UniqueIdentifier>{93995380-89BD-4b04-88EB-625FBE52EBFB}</UniqueIdentifier>
      <Extensions>h;hh;hpp;hxx;hm;inl;inc;xsd</Extensions>
    </Filter>
    <Filter Include="Resource Files">
      <UniqueIdentifier>{67DA6AB6-F800-4c08-8B7A-83BB121AAD01}</UniqueIdentifier>
      <Extensions>rc;ico;cur;bmp;dlg;rc2;rct;bin;rgs;gif;jpg;jpeg;jpe;resx;tiff;tif;png;wav;mfcribbon-ms</Extensions>
    </Filter>
  </ItemGroup>
  <ItemGroup>
    <ClCompile Include="PostgresConnector.cpp">
      <Filter>Source Files</Filter>
    </ClCompile>
    <ClCompile Include="PostgresHelper.cpp">
      <Filter>Source Files</Filter>
    </ClCompile>
    <ClCompile Include="Flight.cpp">
      <Filter>Source Files</Filter>
    </ClCompile>
    <ClCompile Include="main.cpp">
      <Filter>Source Files</Filter>
    </ClCompile>
    <ClCompile Include="CreateAccount.cpp">
      <Filter>Source Files</Filter>
    </ClCompile>
    <ClCompile Include="UserDetails.cpp">
      <Filter>Source Files</Filter>
    </ClCompile>
    <ClCompile Include="stdafx.cpp">
      <Filter>Source Files</Filter>
    </ClCompile>
    <ClCompile Include="CreateFlight.cpp">
      <Filter>Source Files</Filter>
    </ClCompile>
    <ClCompile Include="FlightDetails.cpp">
      <Filter>Source Files</Filter>
    </ClCompile>
    <ClCompile Include="SeatingChart.cpp">
      <Filter>Source Files</Filter>
    </ClCompile>
    <ClCompile Include="CreateTimestamp.cpp">
      <Filter>Source Files</Filter>
    </ClCompile>
    <ClCompile Include="TimestampsUserid.cpp">
      <Filter>Source Files</Filter>
    </ClCompile>
    <ClCompile Include="MakeBooking.cpp">
      <Filter>Source Files</Filter>
    </ClCompile>
    <ClCompile Include="SeatOccupancy.cpp">
      <Filter>Source Files</Filter>
    </ClCompile>
    <ClCompile Include="GetBookings.cpp">
      <Filter>Source Files</Filter>
    </ClCompile>
    <ClCompile Include="FlightsByRoute.cpp">
      <Filter>Source Files</Filter>
    </ClCompile>
    <ClCompile Include="DeleteFlight.cpp">
      <Filter>Source Files</Filter>
    </ClCompile>
  </ItemGroup>
  <ItemGroup>
    <ClInclude Include="PostgresConnector.h">
      <Filter>Header Files</Filter>
    </ClInclude>
    <ClInclude Include="PostgresHelper.h">
      <Filter>Header Files</Filter>
    </ClInclude>
    <ClInclude Include="Flight.h">
      <Filter>Header Files</Filter>
    </ClInclude>
    <ClInclude Include="stdafx.h">
      <Filter>Header Files</Filter>
    </ClInclude>
    <ClInclude Include="CreateAccount.h">
      <Filter>Header Files</Filter>
    </ClInclude>
    <ClInclude Include="UserDetails.h">
      <Filter>Header Files</Filter>
    </ClInclude>
    <ClInclude Include="CreateFlight.h">
      <Filter>Header Files</Filter>
    </ClInclude>
    <ClInclude Include="FlightDetails.h">
      <Filter>Header Files</Filter>
    </ClInclude>
    <ClInclude Include="SeatingChart.h">
      <Filter>Header Files</Filter>
    </ClInclude>
    <ClInclude Include="CreateTimestamp.h">
      <Filter>Header Files</Filter>
    </ClInclude>
    <ClInclude Include="TimestampsUserid.h">
      <Filter>Header Files</Filter>
    </ClInclude>
    <ClInclude Include="MakeBooking.h">
      <Filter>Header Files</Filter>
    </ClInclude>
    <ClInclude Include="SeatOccupancy.h">
      <Filter>Header Files</Filter>
    </ClInclude>
    <ClInclude Include="GetBookings.h">
      <Filter>Header Files</Filter>
    </ClInclude>
    <ClInclude Include="FlightsByRoute.h">
      <Filter>Header Files</Filter>
    </ClInclude>
    <ClInclude Include="DeleteFlight.h">
      <Filter>Header Files</Filter>
    </ClInclude>
  </ItemGroup>
</Project>